// !$*UTF8*$!
{
	archiveVersion = 1;
	classes = {
	};
	objectVersion = 50;
	objects = {

/* Begin PBXBuildFile section */
		CCDDBF15218DC3F700374564 /* AppDelegate.swift in Sources */ = {isa = PBXBuildFile; fileRef = CCDDBF14218DC3F700374564 /* AppDelegate.swift */; };
		CCDDBF17218DC3F700374564 /* ViewController.swift in Sources */ = {isa = PBXBuildFile; fileRef = CCDDBF16218DC3F700374564 /* ViewController.swift */; };
		CCDDBF1A218DC3F700374564 /* Main.storyboard in Resources */ = {isa = PBXBuildFile; fileRef = CCDDBF18218DC3F700374564 /* Main.storyboard */; };
		CCDDBF1C218DC3FB00374564 /* Assets.xcassets in Resources */ = {isa = PBXBuildFile; fileRef = CCDDBF1B218DC3FB00374564 /* Assets.xcassets */; };
		CCDDBF1F218DC3FB00374564 /* LaunchScreen.storyboard in Resources */ = {isa = PBXBuildFile; fileRef = CCDDBF1D218DC3FB00374564 /* LaunchScreen.storyboard */; };
		CCDDBF2D218DDBB800374564 /* Assets.xcassets in Resources */ = {isa = PBXBuildFile; fileRef = CCDDBF2C218DDBB800374564 /* Assets.xcassets */; };
		CCDDBF34218DDC2A00374564 /* festisite_maker.png in Resources */ = {isa = PBXBuildFile; fileRef = CCDDBF31218DDC2A00374564 /* festisite_maker.png */; };
		CCDDBF35218DDC2A00374564 /* coollogo_com-18014310.png in Resources */ = {isa = PBXBuildFile; fileRef = CCDDBF32218DDC2A00374564 /* coollogo_com-18014310.png */; };
		CCDDBF36218DDC2A00374564 /* coollogo_com-4293558.png in Resources */ = {isa = PBXBuildFile; fileRef = CCDDBF33218DDC2A00374564 /* coollogo_com-4293558.png */; };
/* End PBXBuildFile section */

/* Begin PBXFileReference section */
		CCDDBF11218DC3F700374564 /* game.app */ = {isa = PBXFileReference; explicitFileType = wrapper.application; includeInIndex = 0; path = game.app; sourceTree = BUILT_PRODUCTS_DIR; };
		CCDDBF14218DC3F700374564 /* AppDelegate.swift */ = {isa = PBXFileReference; lastKnownFileType = sourcecode.swift; path = AppDelegate.swift; sourceTree = "<group>"; };
		CCDDBF16218DC3F700374564 /* ViewController.swift */ = {isa = PBXFileReference; lastKnownFileType = sourcecode.swift; path = ViewController.swift; sourceTree = "<group>"; };
		CCDDBF19218DC3F700374564 /* Base */ = {isa = PBXFileReference; lastKnownFileType = file.storyboard; name = Base; path = Base.lproj/Main.storyboard; sourceTree = "<group>"; };
		CCDDBF1B218DC3FB00374564 /* Assets.xcassets */ = {isa = PBXFileReference; lastKnownFileType = folder.assetcatalog; path = Assets.xcassets; sourceTree = "<group>"; };
		CCDDBF1E218DC3FB00374564 /* Base */ = {isa = PBXFileReference; lastKnownFileType = file.storyboard; name = Base; path = Base.lproj/LaunchScreen.storyboard; sourceTree = "<group>"; };
		CCDDBF20218DC3FB00374564 /* Info.plist */ = {isa = PBXFileReference; lastKnownFileType = text.plist.xml; path = Info.plist; sourceTree = "<group>"; };
		CCDDBF2C218DDBB800374564 /* Assets.xcassets */ = {isa = PBXFileReference; lastKnownFileType = folder.assetcatalog; path = Assets.xcassets; sourceTree = "<group>"; };
		CCDDBF31218DDC2A00374564 /* festisite_maker.png */ = {isa = PBXFileReference; lastKnownFileType = image.png; path = festisite_maker.png; sourceTree = "<group>"; };
		CCDDBF32218DDC2A00374564 /* coollogo_com-18014310.png */ = {isa = PBXFileReference; lastKnownFileType = image.png; path = "coollogo_com-18014310.png"; sourceTree = "<group>"; };
		CCDDBF33218DDC2A00374564 /* coollogo_com-4293558.png */ = {isa = PBXFileReference; lastKnownFileType = image.png; path = "coollogo_com-4293558.png"; sourceTree = "<group>"; };
/* End PBXFileReference section */

/* Begin PBXFrameworksBuildPhase section */
		CCDDBF0E218DC3F700374564 /* Frameworks */ = {
			isa = PBXFrameworksBuildPhase;
			buildActionMask = 2147483647;
			files = (
			);
			runOnlyForDeploymentPostprocessing = 0;
		};
/* End PBXFrameworksBuildPhase section */

/* Begin PBXGroup section */
		CCDDBF08218DC3F700374564 = {
			isa = PBXGroup;
			children = (
				CCDDBF13218DC3F700374564 /* game */,
				CCDDBF12218DC3F700374564 /* Products */,
			);
			sourceTree = "<group>";
		};
		CCDDBF12218DC3F700374564 /* Products */ = {
			isa = PBXGroup;
			children = (
				CCDDBF11218DC3F700374564 /* game.app */,
			);
			name = Products;
			sourceTree = "<group>";
		};
		CCDDBF13218DC3F700374564 /* game */ = {
			isa = PBXGroup;
			children = (
				CCDDBF30218DDC2A00374564 /* gazou */,
				CCDDBF2C218DDBB800374564 /* Assets.xcassets */,
				CCDDBF14218DC3F700374564 /* AppDelegate.swift */,
				CCDDBF16218DC3F700374564 /* ViewController.swift */,
				CCDDBF18218DC3F700374564 /* Main.storyboard */,
				CCDDBF1B218DC3FB00374564 /* Assets.xcassets */,
				CCDDBF1D218DC3FB00374564 /* LaunchScreen.storyboard */,
				CCDDBF20218DC3FB00374564 /* Info.plist */,
			);
			path = game;
			sourceTree = "<group>";
		};
		CCDDBF30218DDC2A00374564 /* gazou */ = {
			isa = PBXGroup;
			children = (
				CCDDBF31218DDC2A00374564 /* festisite_maker.png */,
				CCDDBF32218DDC2A00374564 /* coollogo_com-18014310.png */,
				CCDDBF33218DDC2A00374564 /* coollogo_com-4293558.png */,
			);
			path = gazou;
			sourceTree = "<group>";
		};
/* End PBXGroup section */

/* Begin PBXNativeTarget section */
		CCDDBF10218DC3F700374564 /* game */ = {
			isa = PBXNativeTarget;
			buildConfigurationList = CCDDBF23218DC3FB00374564 /* Build configuration list for PBXNativeTarget "game" */;
			buildPhases = (
				CCDDBF0D218DC3F700374564 /* Sources */,
				CCDDBF0E218DC3F700374564 /* Frameworks */,
				CCDDBF0F218DC3F700374564 /* Resources */,
			);
			buildRules = (
			);
			dependencies = (
			);
			name = game;
			productName = game;
			productReference = CCDDBF11218DC3F700374564 /* game.app */;
			productType = "com.apple.product-type.application";
		};
/* End PBXNativeTarget section */

/* Begin PBXProject section */
		CCDDBF09218DC3F700374564 /* Project object */ = {
			isa = PBXProject;
			attributes = {
				LastSwiftUpdateCheck = 0940;
				LastUpgradeCheck = 0940;
				ORGANIZATIONNAME = "上原尚大";
				TargetAttributes = {
					CCDDBF10218DC3F700374564 = {
						CreatedOnToolsVersion = 9.4;
					};
				};
			};
			buildConfigurationList = CCDDBF0C218DC3F700374564 /* Build configuration list for PBXProject "game" */;
			compatibilityVersion = "Xcode 9.3";
			developmentRegion = en;
			hasScannedForEncodings = 0;
			knownRegions = (
				en,
				Base,
			);
			mainGroup = CCDDBF08218DC3F700374564;
			productRefGroup = CCDDBF12218DC3F700374564 /* Products */;
			projectDirPath = "";
			projectRoot = "";
			targets = (
				CCDDBF10218DC3F700374564 /* game */,
			);
		};
/* End PBXProject section */

/* Begin PBXResourcesBuildPhase section */
		CCDDBF0F218DC3F700374564 /* Resources */ = {
			isa = PBXResourcesBuildPhase;
			buildActionMask = 2147483647;
			files = (
				CCDDBF36218DDC2A00374564 /* coollogo_com-4293558.png in Resources */,
				CCDDBF1F218DC3FB00374564 /* LaunchScreen.storyboard in Resources */,
				CCDDBF34218DDC2A00374564 /* festisite_maker.png in Resources */,
				CCDDBF1C218DC3FB00374564 /* Assets.xcassets in Resources */,
				CCDDBF2D218DDBB800374564 /* Assets.xcassets in Resources */,
				CCDDBF1A218DC3F700374564 /* Main.storyboard in Resources */,
				CCDDBF35218DDC2A00374564 /* coollogo_com-18014310.png in Resources */,
			);
			runOnlyForDeploymentPostprocessing = 0;
		};
/* End PBXResourcesBuildPhase section */

/* Begin PBXSourcesBuildPhase section */
		CCDDBF0D218DC3F700374564 /* Sources */ = {
			isa = PBXSourcesBuildPhase;
			buildActionMask = 2147483647;
			files = (
				CCDDBF17218DC3F700374564 /* ViewController.swift in Sources */,
				CCDDBF15218DC3F700374564 /* AppDelegate.swift in Sources */,
			);
			runOnlyForDeploymentPostprocessing = 0;
		};
/* End PBXSourcesBuildPhase section */

/* Begin PBXVariantGroup section */
		CCDDBF18218DC3F700374564 /* Main.storyboard */ = {
			isa = PBXVariantGroup;
			children = (
				CCDDBF19218DC3F700374564 /* Base */,
			);
			name = Main.storyboard;
			sourceTree = "<group>";
		};
		CCDDBF1D218DC3FB00374564 /* LaunchScreen.storyboard */ = {
			isa = PBXVariantGroup;
			children = (
				CCDDBF1E218DC3FB00374564 /* Base */,
			);
			name = LaunchScreen.storyboard;
			sourceTree = "<group>";
		};
/* End PBXVariantGroup section */

/* Begin XCBuildConfiguration section */
		CCDDBF21218DC3FB00374564 /* Debug */ = {
			isa = XCBuildConfiguration;
			buildSettings = {
				ALWAYS_SEARCH_USER_PATHS = NO;
				CLANG_ANALYZER_NONNULL = YES;
				CLANG_ANALYZER_NUMBER_OBJECT_CONVERSION = YES_AGGRESSIVE;
				CLANG_CXX_LANGUAGE_STANDARD = "gnu++14";
				CLANG_CXX_LIBRARY = "libc++";
				CLANG_ENABLE_MODULES = YES;
				CLANG_ENABLE_OBJC_ARC = YES;
				CLANG_ENABLE_OBJC_WEAK = YES;
				CLANG_WARN_BLOCK_CAPTURE_AUTORELEASING = YES;
				CLANG_WARN_BOOL_CONVERSION = YES;
				CLANG_WARN_COMMA = YES;
				CLANG_WARN_CONSTANT_CONVERSION = YES;
				CLANG_WARN_DEPRECATED_OBJC_IMPLEMENTATIONS = YES;
				CLANG_WARN_DIRECT_OBJC_ISA_USAGE = YES_ERROR;
				CLANG_WARN_DOCUMENTATION_COMMENTS = YES;
				CLANG_WARN_EMPTY_BODY = YES;
				CLANG_WARN_ENUM_CONVERSION = YES;
				CLANG_WARN_INFINITE_RECURSION = YES;
				CLANG_WARN_INT_CONVERSION = YES;
				CLANG_WARN_NON_LITERAL_NULL_CONVERSION = YES;
				CLANG_WARN_OBJC_IMPLICIT_RETAIN_SELF = YES;
				CLANG_WARN_OBJC_LITERAL_CONVERSION = YES;
				CLANG_WARN_OBJC_ROOT_CLASS = YES_ERROR;
				CLANG_WARN_RANGE_LOOP_ANALYSIS = YES;
				CLANG_WARN_STRICT_PROTOTYPES = YES;
				CLANG_WARN_SUSPICIOUS_MOVE = YES;
				CLANG_WARN_UNGUARDED_AVAILABILITY = YES_AGGRESSIVE;
				CLANG_WARN_UNREACHABLE_CODE = YES;
				CLANG_WARN__DUPLICATE_METHOD_MATCH = YES;
				CODE_SIGN_IDENTITY = "iPhone Developer";
				COPY_PHASE_STRIP = NO;
				DEBUG_INFORMATION_FORMAT = dwarf;
				ENABLE_STRICT_OBJC_MSGSEND = YES;
				ENABLE_TESTABILITY = YES;
				GCC_C_LANGUAGE_STANDARD = gnu11;
				GCC_DYNAMIC_NO_PIC = NO;
				GCC_NO_COMMON_BLOCKS = YES;
				GCC_OPTIMIZATION_LEVEL = 0;
				GCC_PREPROCESSOR_DEFINITIONS = (
					"DEBUG=1",
					"$(inherited)",
				);
				GCC_WARN_64_TO_32_BIT_CONVERSION = YES;
				GCC_WARN_ABOUT_RETURN_TYPE = YES_ERROR;
				GCC_WARN_UNDECLARED_SELECTOR = YES;
				GCC_WARN_UNINITIALIZED_AUTOS = YES_AGGRESSIVE;
				GCC_WARN_UNUSED_FUNCTION = YES;
				GCC_WARN_UNUSED_VARIABLE = YES;
				IPHONEOS_DEPLOYMENT_TARGET = 11.4;
				MTL_ENABLE_DEBUG_INFO = YES;
				ONLY_ACTIVE_ARCH = YES;
				SDKROOT = iphoneos;
				SWIFT_ACTIVE_COMPILATION_CONDITIONS = DEBUG;
				SWIFT_OPTIMIZATION_LEVEL = "-Onone";
			};
			name = Debug;
		};
		CCDDBF22218DC3FB00374564 /* Release */ = {
			isa = XCBuildConfiguration;
			buildSettings = {
				ALWAYS_SEARCH_USER_PATHS = NO;
				CLANG_ANALYZER_NONNULL = YES;
				CLANG_ANALYZER_NUMBER_OBJECT_CONVERSION = YES_AGGRESSIVE;
				CLANG_CXX_LANGUAGE_STANDARD = "gnu++14";
				CLANG_CXX_LIBRARY = "libc++";
				CLANG_ENABLE_MODULES = YES;
				CLANG_ENABLE_OBJC_ARC = YES;
				CLANG_ENABLE_OBJC_WEAK = YES;
				CLANG_WARN_BLOCK_CAPTURE_AUTORELEASING = YES;
				CLANG_WARN_BOOL_CONVERSION = YES;
				CLANG_WARN_COMMA = YES;
				CLANG_WARN_CONSTANT_CONVERSION = YES;
				CLANG_WARN_DEPRECATED_OBJC_IMPLEMENTATIONS = YES;
				CLANG_WARN_DIRECT_OBJC_ISA_USAGE = YES_ERROR;
				CLANG_WARN_DOCUMENTATION_COMMENTS = YES;
				CLANG_WARN_EMPTY_BODY = YES;
				CLANG_WARN_ENUM_CONVERSION = YES;
				CLANG_WARN_INFINITE_RECURSION = YES;
				CLANG_WARN_INT_CONVERSION = YES;
				CLANG_WARN_NON_LITERAL_NULL_CONVERSION = YES;
				CLANG_WARN_OBJC_IMPLICIT_RETAIN_SELF = YES;
				CLANG_WARN_OBJC_LITERAL_CONVERSION = YES;
				CLANG_WARN_OBJC_ROOT_CLASS = YES_ERROR;
				CLANG_WARN_RANGE_LOOP_ANALYSIS = YES;
				CLANG_WARN_STRICT_PROTOTYPES = YES;
				CLANG_WARN_SUSPICIOUS_MOVE = YES;
				CLANG_WARN_UNGUARDED_AVAILABILITY = YES_AGGRESSIVE;
				CLANG_WARN_UNREACHABLE_CODE = YES;
				CLANG_WARN__DUPLICATE_METHOD_MATCH = YES;
				CODE_SIGN_IDENTITY = "iPhone Developer";
				COPY_PHASE_STRIP = NO;
				DEBUG_INFORMATION_FORMAT = "dwarf-with-dsym";
				ENABLE_NS_ASSERTIONS = NO;
				ENABLE_STRICT_OBJC_MSGSEND = YES;
				GCC_C_LANGUAGE_STANDARD = gnu11;
				GCC_NO_COMMON_BLOCKS = YES;
				GCC_WARN_64_TO_32_BIT_CONVERSION = YES;
				GCC_WARN_ABOUT_RETURN_TYPE = YES_ERROR;
				GCC_WARN_UNDECLARED_SELECTOR = YES;
				GCC_WARN_UNINITIALIZED_AUTOS = YES_AGGRESSIVE;
				GCC_WARN_UNUSED_FUNCTION = YES;
				GCC_WARN_UNUSED_VARIABLE = YES;
				IPHONEOS_DEPLOYMENT_TARGET = 11.4;
				MTL_ENABLE_DEBUG_INFO = NO;
				SDKROOT = iphoneos;
				SWIFT_COMPILATION_MODE = wholemodule;
				SWIFT_OPTIMIZATION_LEVEL = "-O";
				VALIDATE_PRODUCT = YES;
			};
			name = Release;
		};
		CCDDBF24218DC3FB00374564 /* Debug */ = {
			isa = XCBuildConfiguration;
			buildSettings = {
				ASSETCATALOG_COMPILER_APPICON_NAME = AppIcon;
				CODE_SIGN_STYLE = Automatic;
				DEVELOPMENT_TEAM = Z8844BD988;
				INFOPLIST_FILE = game/Info.plist;
				LD_RUNPATH_SEARCH_PATHS = (
					"$(inherited)",
					"@executable_path/Frameworks",
				);
				PRODUCT_BUNDLE_IDENTIFIER = com.dreamg.game;
				PRODUCT_NAME = "$(TARGET_NAME)";
				SWIFT_VERSION = 4.0;
				TARGETED_DEVICE_FAMILY = "1,2";
			};
			name = Debug;
		};
		CCDDBF25218DC3FB00374564 /* Release */ = {
			isa = XCBuildConfiguration;
			buildSettings = {
				ASSETCATALOG_COMPILER_APPICON_NAME = AppIcon;
				CODE_SIGN_STYLE = Automatic;
				DEVELOPMENT_TEAM = Z8844BD988;
				INFOPLIST_FILE = game/Info.plist;
				LD_RUNPATH_SEARCH_PATHS = (
					"$(inherited)",
					"@executable_path/Frameworks",
				);
				PRODUCT_BUNDLE_IDENTIFIER = com.dreamg.game;
				PRODUCT_NAME = "$(TARGET_NAME)";
				SWIFT_VERSION = 4.0;
				TARGETED_DEVICE_FAMILY = "1,2";
			};
			name = Release;
		};
/* End XCBuildConfiguration section */

/* Begin XCConfigurationList section */
		CCDDBF0C218DC3F700374564 /* Build configuration list for PBXProject "game" */ = {
			isa = XCConfigurationList;
			buildConfigurations = (
				CCDDBF21218DC3FB00374564 /* Debug */,
				CCDDBF22218DC3FB00374564 /* Release */,
			);
			defaultConfigurationIsVisible = 0;
			defaultConfigurationName = Release;
		};
		CCDDBF23218DC3FB00374564 /* Build configuration list for PBXNativeTarget "game" */ = {
			isa = XCConfigurationList;
			buildConfigurations = (
				CCDDBF24218DC3FB00374564 /* Debug */,
				CCDDBF25218DC3FB00374564 /* Release */,
			);
			defaultConfigurationIsVisible = 0;
			defaultConfigurationName = Release;
		};
/* End XCConfigurationList section */
	};
	rootObject = CCDDBF09218DC3F700374564 /* Project object */;
}
